// !$*UTF8*$!
{
	archiveVersion = 1;
	classes = {
	};
	objectVersion = 55;
	objects = {

/* Begin PBXBuildFile section */
		DAB5E4A1266ED36D00016458 /* asyncrickApp.swift in Sources */ = {isa = PBXBuildFile; fileRef = DAB5E4A0266ED36D00016458 /* asyncrickApp.swift */; };
		DAB5E4A3266ED36D00016458 /* ContentView.swift in Sources */ = {isa = PBXBuildFile; fileRef = DAB5E4A2266ED36D00016458 /* ContentView.swift */; };
		DAB5E4A5266ED36E00016458 /* Assets.xcassets in Resources */ = {isa = PBXBuildFile; fileRef = DAB5E4A4266ED36E00016458 /* Assets.xcassets */; };
		DAB5E4A8266ED36E00016458 /* Preview Assets.xcassets in Resources */ = {isa = PBXBuildFile; fileRef = DAB5E4A7266ED36E00016458 /* Preview Assets.xcassets */; };
		DAB5E4B3266ED3A400016458 /* CharacterStore.swift in Sources */ = {isa = PBXBuildFile; fileRef = DAB5E4B2266ED3A400016458 /* CharacterStore.swift */; };
		DAB5E4B8266ED59C00016458 /* CharacterView.swift in Sources */ = {isa = PBXBuildFile; fileRef = DAB5E4B7266ED59C00016458 /* CharacterView.swift */; };
		DAB5E4BA266ED7DC00016458 /* CharacterListView.swift in Sources */ = {isa = PBXBuildFile; fileRef = DAB5E4B9266ED7DC00016458 /* CharacterListView.swift */; };
		DAB5E4BE266ED7EF00016458 /* CharacterListViewModel.swift in Sources */ = {isa = PBXBuildFile; fileRef = DAB5E4BD266ED7EF00016458 /* CharacterListViewModel.swift */; };
		DAB5E4C0266EDD9A00016458 /* ResponseWrapper.swift in Sources */ = {isa = PBXBuildFile; fileRef = DAB5E4BF266EDD9A00016458 /* ResponseWrapper.swift */; };
		DAB5E4C2266EDDC000016458 /* Character.swift in Sources */ = {isa = PBXBuildFile; fileRef = DAB5E4C1266EDDC000016458 /* Character.swift */; };
		DAB5E4C4266EDDCA00016458 /* Gender.swift in Sources */ = {isa = PBXBuildFile; fileRef = DAB5E4C3266EDDCA00016458 /* Gender.swift */; };
		DAB5E4C6266EDDDA00016458 /* Species.swift in Sources */ = {isa = PBXBuildFile; fileRef = DAB5E4C5266EDDDA00016458 /* Species.swift */; };
		DAB5E4C8266EDDE300016458 /* Status.swift in Sources */ = {isa = PBXBuildFile; fileRef = DAB5E4C7266EDDE300016458 /* Status.swift */; };
		DAB5E4CA266EDDED00016458 /* Location.swift in Sources */ = {isa = PBXBuildFile; fileRef = DAB5E4C9266EDDED00016458 /* Location.swift */; };
/* End PBXBuildFile section */

/* Begin PBXFileReference section */
		DAB5E49D266ED36D00016458 /* asyncrick.app */ = {isa = PBXFileReference; explicitFileType = wrapper.application; includeInIndex = 0; path = asyncrick.app; sourceTree = BUILT_PRODUCTS_DIR; };
		DAB5E4A0266ED36D00016458 /* asyncrickApp.swift */ = {isa = PBXFileReference; lastKnownFileType = sourcecode.swift; path = asyncrickApp.swift; sourceTree = "<group>"; };
		DAB5E4A2266ED36D00016458 /* ContentView.swift */ = {isa = PBXFileReference; lastKnownFileType = sourcecode.swift; path = ContentView.swift; sourceTree = "<group>"; };
		DAB5E4A4266ED36E00016458 /* Assets.xcassets */ = {isa = PBXFileReference; lastKnownFileType = folder.assetcatalog; path = Assets.xcassets; sourceTree = "<group>"; };
		DAB5E4A7266ED36E00016458 /* Preview Assets.xcassets */ = {isa = PBXFileReference; lastKnownFileType = folder.assetcatalog; path = "Preview Assets.xcassets"; sourceTree = "<group>"; };
		DAB5E4B2266ED3A400016458 /* CharacterStore.swift */ = {isa = PBXFileReference; lastKnownFileType = sourcecode.swift; path = CharacterStore.swift; sourceTree = "<group>"; };
		DAB5E4B7266ED59C00016458 /* CharacterView.swift */ = {isa = PBXFileReference; lastKnownFileType = sourcecode.swift; path = CharacterView.swift; sourceTree = "<group>"; };
		DAB5E4B9266ED7DC00016458 /* CharacterListView.swift */ = {isa = PBXFileReference; lastKnownFileType = sourcecode.swift; path = CharacterListView.swift; sourceTree = "<group>"; };
		DAB5E4BD266ED7EF00016458 /* CharacterListViewModel.swift */ = {isa = PBXFileReference; lastKnownFileType = sourcecode.swift; path = CharacterListViewModel.swift; sourceTree = "<group>"; };
		DAB5E4BF266EDD9A00016458 /* ResponseWrapper.swift */ = {isa = PBXFileReference; lastKnownFileType = sourcecode.swift; path = ResponseWrapper.swift; sourceTree = "<group>"; };
		DAB5E4C1266EDDC000016458 /* Character.swift */ = {isa = PBXFileReference; lastKnownFileType = sourcecode.swift; path = Character.swift; sourceTree = "<group>"; };
		DAB5E4C3266EDDCA00016458 /* Gender.swift */ = {isa = PBXFileReference; lastKnownFileType = sourcecode.swift; path = Gender.swift; sourceTree = "<group>"; };
		DAB5E4C5266EDDDA00016458 /* Species.swift */ = {isa = PBXFileReference; lastKnownFileType = sourcecode.swift; path = Species.swift; sourceTree = "<group>"; };
		DAB5E4C7266EDDE300016458 /* Status.swift */ = {isa = PBXFileReference; lastKnownFileType = sourcecode.swift; path = Status.swift; sourceTree = "<group>"; };
		DAB5E4C9266EDDED00016458 /* Location.swift */ = {isa = PBXFileReference; lastKnownFileType = sourcecode.swift; path = Location.swift; sourceTree = "<group>"; };
/* End PBXFileReference section */

/* Begin PBXFrameworksBuildPhase section */
		DAB5E49A266ED36D00016458 /* Frameworks */ = {
			isa = PBXFrameworksBuildPhase;
			buildActionMask = 2147483647;
			files = (
			);
			runOnlyForDeploymentPostprocessing = 0;
		};
/* End PBXFrameworksBuildPhase section */

/* Begin PBXGroup section */
		DAB5E494266ED36D00016458 = {
			isa = PBXGroup;
			children = (
				DAB5E49F266ED36D00016458 /* asyncrick */,
				DAB5E49E266ED36D00016458 /* Products */,
			);
			sourceTree = "<group>";
		};
		DAB5E49E266ED36D00016458 /* Products */ = {
			isa = PBXGroup;
			children = (
				DAB5E49D266ED36D00016458 /* asyncrick.app */,
			);
			name = Products;
			sourceTree = "<group>";
		};
		DAB5E49F266ED36D00016458 /* asyncrick */ = {
			isa = PBXGroup;
			children = (
				DAB5E4BB266ED7E000016458 /* Screens */,
				DAB5E4B4266ED58000016458 /* View */,
				DAB5E4AF266ED37900016458 /* Model */,
				DAB5E4AE266ED37300016458 /* Store */,
				DAB5E4A0266ED36D00016458 /* asyncrickApp.swift */,
				DAB5E4A2266ED36D00016458 /* ContentView.swift */,
				DAB5E4A4266ED36E00016458 /* Assets.xcassets */,
				DAB5E4A6266ED36E00016458 /* Preview Content */,
			);
			path = asyncrick;
			sourceTree = "<group>";
		};
		DAB5E4A6266ED36E00016458 /* Preview Content */ = {
			isa = PBXGroup;
			children = (
				DAB5E4A7266ED36E00016458 /* Preview Assets.xcassets */,
			);
			path = "Preview Content";
			sourceTree = "<group>";
		};
		DAB5E4AE266ED37300016458 /* Store */ = {
			isa = PBXGroup;
			children = (
				DAB5E4B2266ED3A400016458 /* CharacterStore.swift */,
			);
			path = Store;
			sourceTree = "<group>";
		};
		DAB5E4AF266ED37900016458 /* Model */ = {
			isa = PBXGroup;
			children = (
				DAB5E4CC266EDDF800016458 /* Character */,
				DAB5E4CB266EDDF500016458 /* Common */,
			);
			path = Model;
			sourceTree = "<group>";
		};
		DAB5E4B4266ED58000016458 /* View */ = {
			isa = PBXGroup;
			children = (
				DAB5E4B7266ED59C00016458 /* CharacterView.swift */,
			);
			path = View;
			sourceTree = "<group>";
		};
		DAB5E4BB266ED7E000016458 /* Screens */ = {
			isa = PBXGroup;
			children = (
				DAB5E4BC266ED7E600016458 /* Character List */,
			);
			path = Screens;
			sourceTree = "<group>";
		};
		DAB5E4BC266ED7E600016458 /* Character List */ = {
			isa = PBXGroup;
			children = (
				DAB5E4B9266ED7DC00016458 /* CharacterListView.swift */,
				DAB5E4BD266ED7EF00016458 /* CharacterListViewModel.swift */,
			);
			path = "Character List";
			sourceTree = "<group>";
		};
		DAB5E4CB266EDDF500016458 /* Common */ = {
			isa = PBXGroup;
			children = (
				DAB5E4BF266EDD9A00016458 /* ResponseWrapper.swift */,
			);
			path = Common;
			sourceTree = "<group>";
		};
		DAB5E4CC266EDDF800016458 /* Character */ = {
			isa = PBXGroup;
			children = (
				DAB5E4C7266EDDE300016458 /* Status.swift */,
				DAB5E4C1266EDDC000016458 /* Character.swift */,
				DAB5E4C3266EDDCA00016458 /* Gender.swift */,
				DAB5E4C5266EDDDA00016458 /* Species.swift */,
				DAB5E4C9266EDDED00016458 /* Location.swift */,
			);
			path = Character;
			sourceTree = "<group>";
		};
/* End PBXGroup section */

/* Begin PBXNativeTarget section */
		DAB5E49C266ED36D00016458 /* asyncrick */ = {
			isa = PBXNativeTarget;
			buildConfigurationList = DAB5E4AB266ED36E00016458 /* Build configuration list for PBXNativeTarget "asyncrick" */;
			buildPhases = (
				DAB5E499266ED36D00016458 /* Sources */,
				DAB5E49A266ED36D00016458 /* Frameworks */,
				DAB5E49B266ED36D00016458 /* Resources */,
			);
			buildRules = (
			);
			dependencies = (
			);
			name = asyncrick;
			productName = asyncrick;
			productReference = DAB5E49D266ED36D00016458 /* asyncrick.app */;
			productType = "com.apple.product-type.application";
		};
/* End PBXNativeTarget section */

/* Begin PBXProject section */
		DAB5E495266ED36D00016458 /* Project object */ = {
			isa = PBXProject;
			attributes = {
				BuildIndependentTargetsInParallel = 1;
				LastSwiftUpdateCheck = 1300;
				LastUpgradeCheck = 1300;
				TargetAttributes = {
					DAB5E49C266ED36D00016458 = {
						CreatedOnToolsVersion = 13.0;
					};
				};
			};
			buildConfigurationList = DAB5E498266ED36D00016458 /* Build configuration list for PBXProject "asyncrick" */;
			compatibilityVersion = "Xcode 13.0";
			developmentRegion = en;
			hasScannedForEncodings = 0;
			knownRegions = (
				en,
				Base,
			);
			mainGroup = DAB5E494266ED36D00016458;
			productRefGroup = DAB5E49E266ED36D00016458 /* Products */;
			projectDirPath = "";
			projectRoot = "";
			targets = (
				DAB5E49C266ED36D00016458 /* asyncrick */,
			);
		};
/* End PBXProject section */

/* Begin PBXResourcesBuildPhase section */
		DAB5E49B266ED36D00016458 /* Resources */ = {
			isa = PBXResourcesBuildPhase;
			buildActionMask = 2147483647;
			files = (
				DAB5E4A8266ED36E00016458 /* Preview Assets.xcassets in Resources */,
				DAB5E4A5266ED36E00016458 /* Assets.xcassets in Resources */,
			);
			runOnlyForDeploymentPostprocessing = 0;
		};
/* End PBXResourcesBuildPhase section */

/* Begin PBXSourcesBuildPhase section */
		DAB5E499266ED36D00016458 /* Sources */ = {
			isa = PBXSourcesBuildPhase;
			buildActionMask = 2147483647;
			files = (
				DAB5E4C2266EDDC000016458 /* Character.swift in Sources */,
				DAB5E4C0266EDD9A00016458 /* ResponseWrapper.swift in Sources */,
				DAB5E4BA266ED7DC00016458 /* CharacterListView.swift in Sources */,
				DAB5E4B3266ED3A400016458 /* CharacterStore.swift in Sources */,
				DAB5E4BE266ED7EF00016458 /* CharacterListViewModel.swift in Sources */,
				DAB5E4CA266EDDED00016458 /* Location.swift in Sources */,
				DAB5E4B8266ED59C00016458 /* CharacterView.swift in Sources */,
				DAB5E4A3266ED36D00016458 /* ContentView.swift in Sources */,
				DAB5E4C6266EDDDA00016458 /* Species.swift in Sources */,
				DAB5E4A1266ED36D00016458 /* asyncrickApp.swift in Sources */,
				DAB5E4C4266EDDCA00016458 /* Gender.swift in Sources */,
				DAB5E4C8266EDDE300016458 /* Status.swift in Sources */,
			);
			runOnlyForDeploymentPostprocessing = 0;
		};
/* End PBXSourcesBuildPhase section */

/* Begin XCBuildConfiguration section */
		DAB5E4A9266ED36E00016458 /* Debug */ = {
			isa = XCBuildConfiguration;
			buildSettings = {
				ALWAYS_SEARCH_USER_PATHS = NO;
				CLANG_ANALYZER_NONNULL = YES;
				CLANG_ANALYZER_NUMBER_OBJECT_CONVERSION = YES_AGGRESSIVE;
				CLANG_CXX_LANGUAGE_STANDARD = "gnu++14";
				CLANG_CXX_LIBRARY = "libc++";
				CLANG_ENABLE_MODULES = YES;
				CLANG_ENABLE_OBJC_ARC = YES;
				CLANG_ENABLE_OBJC_WEAK = YES;
				CLANG_WARN_BLOCK_CAPTURE_AUTORELEASING = YES;
				CLANG_WARN_BOOL_CONVERSION = YES;
				CLANG_WARN_COMMA = YES;
				CLANG_WARN_CONSTANT_CONVERSION = YES;
				CLANG_WARN_DEPRECATED_OBJC_IMPLEMENTATIONS = YES;
				CLANG_WARN_DIRECT_OBJC_ISA_USAGE = YES_ERROR;
				CLANG_WARN_DOCUMENTATION_COMMENTS = YES;
				CLANG_WARN_EMPTY_BODY = YES;
				CLANG_WARN_ENUM_CONVERSION = YES;
				CLANG_WARN_INFINITE_RECURSION = YES;
				CLANG_WARN_INT_CONVERSION = YES;
				CLANG_WARN_NON_LITERAL_NULL_CONVERSION = YES;
				CLANG_WARN_OBJC_IMPLICIT_RETAIN_SELF = YES;
				CLANG_WARN_OBJC_LITERAL_CONVERSION = YES;
				CLANG_WARN_OBJC_ROOT_CLASS = YES_ERROR;
				CLANG_WARN_QUOTED_INCLUDE_IN_FRAMEWORK_HEADER = YES;
				CLANG_WARN_RANGE_LOOP_ANALYSIS = YES;
				CLANG_WARN_STRICT_PROTOTYPES = YES;
				CLANG_WARN_SUSPICIOUS_MOVE = YES;
				CLANG_WARN_UNGUARDED_AVAILABILITY = YES_AGGRESSIVE;
				CLANG_WARN_UNREACHABLE_CODE = YES;
				CLANG_WARN__DUPLICATE_METHOD_MATCH = YES;
				COPY_PHASE_STRIP = NO;
				DEBUG_INFORMATION_FORMAT = dwarf;
				ENABLE_STRICT_OBJC_MSGSEND = YES;
				ENABLE_TESTABILITY = YES;
				GCC_C_LANGUAGE_STANDARD = gnu11;
				GCC_DYNAMIC_NO_PIC = NO;
				GCC_NO_COMMON_BLOCKS = YES;
				GCC_OPTIMIZATION_LEVEL = 0;
				GCC_PREPROCESSOR_DEFINITIONS = (
					"DEBUG=1",
					"$(inherited)",
				);
				GCC_WARN_64_TO_32_BIT_CONVERSION = YES;
				GCC_WARN_ABOUT_RETURN_TYPE = YES_ERROR;
				GCC_WARN_UNDECLARED_SELECTOR = YES;
				GCC_WARN_UNINITIALIZED_AUTOS = YES_AGGRESSIVE;
				GCC_WARN_UNUSED_FUNCTION = YES;
				GCC_WARN_UNUSED_VARIABLE = YES;
				IPHONEOS_DEPLOYMENT_TARGET = 15.0;
				MTL_ENABLE_DEBUG_INFO = INCLUDE_SOURCE;
				MTL_FAST_MATH = YES;
				ONLY_ACTIVE_ARCH = YES;
				SDKROOT = iphoneos;
				SWIFT_ACTIVE_COMPILATION_CONDITIONS = DEBUG;
				SWIFT_OPTIMIZATION_LEVEL = "-Onone";
			};
			name = Debug;
		};
		DAB5E4AA266ED36E00016458 /* Release */ = {
			isa = XCBuildConfiguration;
			buildSettings = {
				ALWAYS_SEARCH_USER_PATHS = NO;
				CLANG_ANALYZER_NONNULL = YES;
				CLANG_ANALYZER_NUMBER_OBJECT_CONVERSION = YES_AGGRESSIVE;
				CLANG_CXX_LANGUAGE_STANDARD = "gnu++14";
				CLANG_CXX_LIBRARY = "libc++";
				CLANG_ENABLE_MODULES = YES;
				CLANG_ENABLE_OBJC_ARC = YES;
				CLANG_ENABLE_OBJC_WEAK = YES;
				CLANG_WARN_BLOCK_CAPTURE_AUTORELEASING = YES;
				CLANG_WARN_BOOL_CONVERSION = YES;
				CLANG_WARN_COMMA = YES;
				CLANG_WARN_CONSTANT_CONVERSION = YES;
				CLANG_WARN_DEPRECATED_OBJC_IMPLEMENTATIONS = YES;
				CLANG_WARN_DIRECT_OBJC_ISA_USAGE = YES_ERROR;
				CLANG_WARN_DOCUMENTATION_COMMENTS = YES;
				CLANG_WARN_EMPTY_BODY = YES;
				CLANG_WARN_ENUM_CONVERSION = YES;
				CLANG_WARN_INFINITE_RECURSION = YES;
				CLANG_WARN_INT_CONVERSION = YES;
				CLANG_WARN_NON_LITERAL_NULL_CONVERSION = YES;
				CLANG_WARN_OBJC_IMPLICIT_RETAIN_SELF = YES;
				CLANG_WARN_OBJC_LITERAL_CONVERSION = YES;
				CLANG_WARN_OBJC_ROOT_CLASS = YES_ERROR;
				CLANG_WARN_QUOTED_INCLUDE_IN_FRAMEWORK_HEADER = YES;
				CLANG_WARN_RANGE_LOOP_ANALYSIS = YES;
				CLANG_WARN_STRICT_PROTOTYPES = YES;
				CLANG_WARN_SUSPICIOUS_MOVE = YES;
				CLANG_WARN_UNGUARDED_AVAILABILITY = YES_AGGRESSIVE;
				CLANG_WARN_UNREACHABLE_CODE = YES;
				CLANG_WARN__DUPLICATE_METHOD_MATCH = YES;
				COPY_PHASE_STRIP = NO;
				DEBUG_INFORMATION_FORMAT = "dwarf-with-dsym";
				ENABLE_NS_ASSERTIONS = NO;
				ENABLE_STRICT_OBJC_MSGSEND = YES;
				GCC_C_LANGUAGE_STANDARD = gnu11;
				GCC_NO_COMMON_BLOCKS = YES;
				GCC_WARN_64_TO_32_BIT_CONVERSION = YES;
				GCC_WARN_ABOUT_RETURN_TYPE = YES_ERROR;
				GCC_WARN_UNDECLARED_SELECTOR = YES;
				GCC_WARN_UNINITIALIZED_AUTOS = YES_AGGRESSIVE;
				GCC_WARN_UNUSED_FUNCTION = YES;
				GCC_WARN_UNUSED_VARIABLE = YES;
				IPHONEOS_DEPLOYMENT_TARGET = 15.0;
				MTL_ENABLE_DEBUG_INFO = NO;
				MTL_FAST_MATH = YES;
				SDKROOT = iphoneos;
				SWIFT_COMPILATION_MODE = wholemodule;
				SWIFT_OPTIMIZATION_LEVEL = "-O";
				VALIDATE_PRODUCT = YES;
			};
			name = Release;
		};
		DAB5E4AC266ED36E00016458 /* Debug */ = {
			isa = XCBuildConfiguration;
			buildSettings = {
				ASSETCATALOG_COMPILER_APPICON_NAME = AppIcon;
				ASSETCATALOG_COMPILER_GLOBAL_ACCENT_COLOR_NAME = AccentColor;
				CODE_SIGN_STYLE = Automatic;
				CURRENT_PROJECT_VERSION = 1;
				DEVELOPMENT_ASSET_PATHS = "\"asyncrick/Preview Content\"";
				DEVELOPMENT_TEAM = "";
				ENABLE_PREVIEWS = YES;
				GENERATE_INFOPLIST_FILE = YES;
				INFOPLIST_KEY_UIApplicationSceneManifest_Generation = YES;
				INFOPLIST_KEY_UIApplicationSupportsIndirectInputEvents = YES;
				INFOPLIST_KEY_UILaunchScreen_Generation = YES;
				INFOPLIST_KEY_UISupportedInterfaceOrientations_iPad = "UIInterfaceOrientationPortrait UIInterfaceOrientationPortraitUpsideDown UIInterfaceOrientationLandscapeLeft UIInterfaceOrientationLandscapeRight";
				INFOPLIST_KEY_UISupportedInterfaceOrientations_iPhone = "UIInterfaceOrientationPortrait UIInterfaceOrientationLandscapeLeft UIInterfaceOrientationLandscapeRight";
				IPHONEOS_DEPLOYMENT_TARGET = 15.0;
				LD_RUNPATH_SEARCH_PATHS = (
					"$(inherited)",
					"@executable_path/Frameworks",
				);
				MARKETING_VERSION = 1.0;
				PRODUCT_BUNDLE_IDENTIFIER = co.uk.alexanderlogan.asyncrick;
				PRODUCT_NAME = "$(TARGET_NAME)";
				SWIFT_EMIT_LOC_STRINGS = YES;
				SWIFT_VERSION = 5.0;
				TARGETED_DEVICE_FAMILY = "1,2";
			};
			name = Debug;
		};
		DAB5E4AD266ED36E00016458 /* Release */ = {
			isa = XCBuildConfiguration;
			buildSettings = {
				ASSETCATALOG_COMPILER_APPICON_NAME = AppIcon;
				ASSETCATALOG_COMPILER_GLOBAL_ACCENT_COLOR_NAME = AccentColor;
				CODE_SIGN_STYLE = Automatic;
				CURRENT_PROJECT_VERSION = 1;
				DEVELOPMENT_ASSET_PATHS = "\"asyncrick/Preview Content\"";
				DEVELOPMENT_TEAM = "";
				ENABLE_PREVIEWS = YES;
				GENERATE_INFOPLIST_FILE = YES;
				INFOPLIST_KEY_UIApplicationSceneManifest_Generation = YES;
				INFOPLIST_KEY_UIApplicationSupportsIndirectInputEvents = YES;
				INFOPLIST_KEY_UILaunchScreen_Generation = YES;
				INFOPLIST_KEY_UISupportedInterfaceOrientations_iPad = "UIInterfaceOrientationPortrait UIInterfaceOrientationPortraitUpsideDown UIInterfaceOrientationLandscapeLeft UIInterfaceOrientationLandscapeRight";
				INFOPLIST_KEY_UISupportedInterfaceOrientations_iPhone = "UIInterfaceOrientationPortrait UIInterfaceOrientationLandscapeLeft UIInterfaceOrientationLandscapeRight";
				IPHONEOS_DEPLOYMENT_TARGET = 15.0;
				LD_RUNPATH_SEARCH_PATHS = (
					"$(inherited)",
					"@executable_path/Frameworks",
				);
				MARKETING_VERSION = 1.0;
				PRODUCT_BUNDLE_IDENTIFIER = co.uk.alexanderlogan.asyncrick;
				PRODUCT_NAME = "$(TARGET_NAME)";
				SWIFT_EMIT_LOC_STRINGS = YES;
				SWIFT_VERSION = 5.0;
				TARGETED_DEVICE_FAMILY = "1,2";
			};
			name = Release;
		};
/* End XCBuildConfiguration section */

/* Begin XCConfigurationList section */
		DAB5E498266ED36D00016458 /* Build configuration list for PBXProject "asyncrick" */ = {
			isa = XCConfigurationList;
			buildConfigurations = (
				DAB5E4A9266ED36E00016458 /* Debug */,
				DAB5E4AA266ED36E00016458 /* Release */,
			);
			defaultConfigurationIsVisible = 0;
			defaultConfigurationName = Release;
		};
		DAB5E4AB266ED36E00016458 /* Build configuration list for PBXNativeTarget "asyncrick" */ = {
			isa = XCConfigurationList;
			buildConfigurations = (
				DAB5E4AC266ED36E00016458 /* Debug */,
				DAB5E4AD266ED36E00016458 /* Release */,
			);
			defaultConfigurationIsVisible = 0;
			defaultConfigurationName = Release;
		};
/* End XCConfigurationList section */
	};
	rootObject = DAB5E495266ED36D00016458 /* Project object */;
}
